// !$*UTF8*$!
{
	archiveVersion = 1;
	classes = {
	};
	objectVersion = 46;
	objects = {

/* Begin PBXBuildFile section */
		857861261E63D1570098CEE7 /* AppDelegate.swift in Sources */ = {isa = PBXBuildFile; fileRef = 857861251E63D1570098CEE7 /* AppDelegate.swift */; };
		857861281E63D1570098CEE7 /* ViewController.swift in Sources */ = {isa = PBXBuildFile; fileRef = 857861271E63D1570098CEE7 /* ViewController.swift */; };
		8578612B1E63D1570098CEE7 /* Main.storyboard in Resources */ = {isa = PBXBuildFile; fileRef = 857861291E63D1570098CEE7 /* Main.storyboard */; };
		8578612D1E63D1570098CEE7 /* Assets.xcassets in Resources */ = {isa = PBXBuildFile; fileRef = 8578612C1E63D1570098CEE7 /* Assets.xcassets */; };
		857861301E63D1570098CEE7 /* LaunchScreen.storyboard in Resources */ = {isa = PBXBuildFile; fileRef = 8578612E1E63D1570098CEE7 /* LaunchScreen.storyboard */; };
/* End PBXBuildFile section */

/* Begin PBXFileReference section */
		857861221E63D1570098CEE7 /* MarioPad.app */ = {isa = PBXFileReference; explicitFileType = wrapper.application; includeInIndex = 0; path = MarioPad.app; sourceTree = BUILT_PRODUCTS_DIR; };
		857861251E63D1570098CEE7 /* AppDelegate.swift */ = {isa = PBXFileReference; lastKnownFileType = sourcecode.swift; path = AppDelegate.swift; sourceTree = "<group>"; };
		857861271E63D1570098CEE7 /* ViewController.swift */ = {isa = PBXFileReference; lastKnownFileType = sourcecode.swift; path = ViewController.swift; sourceTree = "<group>"; };
		8578612A1E63D1570098CEE7 /* Base */ = {isa = PBXFileReference; lastKnownFileType = file.storyboard; name = Base; path = Base.lproj/Main.storyboard; sourceTree = "<group>"; };
		8578612C1E63D1570098CEE7 /* Assets.xcassets */ = {isa = PBXFileReference; lastKnownFileType = folder.assetcatalog; path = Assets.xcassets; sourceTree = "<group>"; };
		8578612F1E63D1570098CEE7 /* Base */ = {isa = PBXFileReference; lastKnownFileType = file.storyboard; name = Base; path = Base.lproj/LaunchScreen.storyboard; sourceTree = "<group>"; };
		857861311E63D1570098CEE7 /* Info.plist */ = {isa = PBXFileReference; lastKnownFileType = text.plist.xml; path = Info.plist; sourceTree = "<group>"; };
/* End PBXFileReference section */

/* Begin PBXFrameworksBuildPhase section */
		8578611F1E63D1570098CEE7 /* Frameworks */ = {
			isa = PBXFrameworksBuildPhase;
			buildActionMask = 2147483647;
			files = (
			);
			runOnlyForDeploymentPostprocessing = 0;
		};
/* End PBXFrameworksBuildPhase section */

/* Begin PBXGroup section */
		857861191E63D1570098CEE7 = {
			isa = PBXGroup;
			children = (
				857861241E63D1570098CEE7 /* MarioPad */,
				857861231E63D1570098CEE7 /* Products */,
			);
			sourceTree = "<group>";
		};
		857861231E63D1570098CEE7 /* Products */ = {
			isa = PBXGroup;
			children = (
				857861221E63D1570098CEE7 /* MarioPad.app */,
			);
			name = Products;
			sourceTree = "<group>";
		};
		857861241E63D1570098CEE7 /* MarioPad */ = {
			isa = PBXGroup;
			children = (
				857861251E63D1570098CEE7 /* AppDelegate.swift */,
				857861271E63D1570098CEE7 /* ViewController.swift */,
				857861291E63D1570098CEE7 /* Main.storyboard */,
				8578612C1E63D1570098CEE7 /* Assets.xcassets */,
				8578612E1E63D1570098CEE7 /* LaunchScreen.storyboard */,
				857861311E63D1570098CEE7 /* Info.plist */,
			);
			path = MarioPad;
			sourceTree = "<group>";
		};
/* End PBXGroup section */

/* Begin PBXNativeTarget section */
		857861211E63D1570098CEE7 /* MarioPad */ = {
			isa = PBXNativeTarget;
			buildConfigurationList = 857861341E63D1570098CEE7 /* Build configuration list for PBXNativeTarget "MarioPad" */;
			buildPhases = (
				8578611E1E63D1570098CEE7 /* Sources */,
				8578611F1E63D1570098CEE7 /* Frameworks */,
				857861201E63D1570098CEE7 /* Resources */,
			);
			buildRules = (
			);
			dependencies = (
			);
			name = MarioPad;
			productName = MarioPad;
			productReference = 857861221E63D1570098CEE7 /* MarioPad.app */;
			productType = "com.apple.product-type.application";
		};
/* End PBXNativeTarget section */

/* Begin PBXProject section */
		8578611A1E63D1570098CEE7 /* Project object */ = {
			isa = PBXProject;
			attributes = {
				LastSwiftUpdateCheck = 0810;
				LastUpgradeCheck = 0810;
				ORGANIZATIONNAME = Jacky;
				TargetAttributes = {
					857861211E63D1570098CEE7 = {
						CreatedOnToolsVersion = 8.1;
						DevelopmentTeam = K63E82JPAC;
						ProvisioningStyle = Automatic;
					};
				};
			};
			buildConfigurationList = 8578611D1E63D1570098CEE7 /* Build configuration list for PBXProject "MarioPad" */;
			compatibilityVersion = "Xcode 3.2";
			developmentRegion = English;
			hasScannedForEncodings = 0;
			knownRegions = (
				en,
				Base,
			);
			mainGroup = 857861191E63D1570098CEE7;
			productRefGroup = 857861231E63D1570098CEE7 /* Products */;
			projectDirPath = "";
			projectRoot = "";
			targets = (
				857861211E63D1570098CEE7 /* MarioPad */,
			);
		};
/* End PBXProject section */

/* Begin PBXResourcesBuildPhase section */
		857861201E63D1570098CEE7 /* Resources */ = {
			isa = PBXResourcesBuildPhase;
			buildActionMask = 2147483647;
			files = (
				857861301E63D1570098CEE7 /* LaunchScreen.storyboard in Resources */,
				8578612D1E63D1570098CEE7 /* Assets.xcassets in Resources */,
				8578612B1E63D1570098CEE7 /* Main.storyboard in Resources */,
			);
			runOnlyForDeploymentPostprocessing = 0;
		};
/* End PBXResourcesBuildPhase section */

/* Begin PBXSourcesBuildPhase section */
		8578611E1E63D1570098CEE7 /* Sources */ = {
			isa = PBXSourcesBuildPhase;
			buildActionMask = 2147483647;
			files = (
				857861281E63D1570098CEE7 /* ViewController.swift in Sources */,
				857861261E63D1570098CEE7 /* AppDelegate.swift in Sources */,
			);
			runOnlyForDeploymentPostprocessing = 0;
		};
/* End PBXSourcesBuildPhase section */

/* Begin PBXVariantGroup section */
		857861291E63D1570098CEE7 /* Main.storyboard */ = {
			isa = PBXVariantGroup;
			children = (
				8578612A1E63D1570098CEE7 /* Base */,
			);
			name = Main.storyboard;
			sourceTree = "<group>";
		};
		8578612E1E63D1570098CEE7 /* LaunchScreen.storyboard */ = {
			isa = PBXVariantGroup;
			children = (
				8578612F1E63D1570098CEE7 /* Base */,
			);
			name = LaunchScreen.storyboard;
			sourceTree = "<group>";
		};
/* End PBXVariantGroup section */

/* Begin XCBuildConfiguration section */
		857861321E63D1570098CEE7 /* Debug */ = {
			isa = XCBuildConfiguration;
			buildSettings = {
				ALWAYS_SEARCH_USER_PATHS = NO;
				CLANG_ANALYZER_NONNULL = YES;
				CLANG_CXX_LANGUAGE_STANDARD = "gnu++0x";
				CLANG_CXX_LIBRARY = "libc++";
				CLANG_ENABLE_MODULES = YES;
				CLANG_ENABLE_OBJC_ARC = YES;
				CLANG_WARN_BOOL_CONVERSION = YES;
				CLANG_WARN_CONSTANT_CONVERSION = YES;
				CLANG_WARN_DIRECT_OBJC_ISA_USAGE = YES_ERROR;
				CLANG_WARN_DOCUMENTATION_COMMENTS = YES;
				CLANG_WARN_EMPTY_BODY = YES;
				CLANG_WARN_ENUM_CONVERSION = YES;
				CLANG_WARN_INFINITE_RECURSION = YES;
				CLANG_WARN_INT_CONVERSION = YES;
				CLANG_WARN_OBJC_ROOT_CLASS = YES_ERROR;
				CLANG_WARN_SUSPICIOUS_MOVES = YES;
				CLANG_WARN_UNREACHABLE_CODE = YES;
				CLANG_WARN__DUPLICATE_METHOD_MATCH = YES;
				"CODE_SIGN_IDENTITY[sdk=iphoneos*]" = "iPhone Developer";
				COPY_PHASE_STRIP = NO;
				DEBUG_INFORMATION_FORMAT = dwarf;
				ENABLE_STRICT_OBJC_MSGSEND = YES;
				ENABLE_TESTABILITY = YES;
				GCC_C_LANGUAGE_STANDARD = gnu99;
				GCC_DYNAMIC_NO_PIC = NO;
				GCC_NO_COMMON_BLOCKS = YES;
				GCC_OPTIMIZATION_LEVEL = 0;
				GCC_PREPROCESSOR_DEFINITIONS = (
					"DEBUG=1",
					"$(inherited)",
				);
				GCC_WARN_64_TO_32_BIT_CONVERSION = YES;
				GCC_WARN_ABOUT_RETURN_TYPE = YES_ERROR;
				GCC_WARN_UNDECLARED_SELECTOR = YES;
				GCC_WARN_UNINITIALIZED_AUTOS = YES_AGGRESSIVE;
				GCC_WARN_UNUSED_FUNCTION = YES;
				GCC_WARN_UNUSED_VARIABLE = YES;
				IPHONEOS_DEPLOYMENT_TARGET = 10.1;
				MTL_ENABLE_DEBUG_INFO = YES;
				ONLY_ACTIVE_ARCH = YES;
				SDKROOT = iphoneos;
				SWIFT_ACTIVE_COMPILATION_CONDITIONS = DEBUG;
				SWIFT_OPTIMIZATION_LEVEL = "-Onone";
				TARGETED_DEVICE_FAMILY = 2;
			};
			name = Debug;
		};
		857861331E63D1570098CEE7 /* Release */ = {
			isa = XCBuildConfiguration;
			buildSettings = {
				ALWAYS_SEARCH_USER_PATHS = NO;
				CLANG_ANALYZER_NONNULL = YES;
				CLANG_CXX_LANGUAGE_STANDARD = "gnu++0x";
				CLANG_CXX_LIBRARY = "libc++";
				CLANG_ENABLE_MODULES = YES;
				CLANG_ENABLE_OBJC_ARC = YES;
				CLANG_WARN_BOOL_CONVERSION = YES;
				CLANG_WARN_CONSTANT_CONVERSION = YES;
				CLANG_WARN_DIRECT_OBJC_ISA_USAGE = YES_ERROR;
				CLANG_WARN_DOCUMENTATION_COMMENTS = YES;
				CLANG_WARN_EMPTY_BODY = YES;
				CLANG_WARN_ENUM_CONVERSION = YES;
				CLANG_WARN_INFINITE_RECURSION = YES;
				CLANG_WARN_INT_CONVERSION = YES;
				CLANG_WARN_OBJC_ROOT_CLASS = YES_ERROR;
				CLANG_WARN_SUSPICIOUS_MOVES = YES;
				CLANG_WARN_UNREACHABLE_CODE = YES;
				CLANG_WARN__DUPLICATE_METHOD_MATCH = YES;
				"CODE_SIGN_IDENTITY[sdk=iphoneos*]" = "iPhone Developer";
				COPY_PHASE_STRIP = NO;
				DEBUG_INFORMATION_FORMAT = "dwarf-with-dsym";
				ENABLE_NS_ASSERTIONS = NO;
				ENABLE_STRICT_OBJC_MSGSEND = YES;
				GCC_C_LANGUAGE_STANDARD = gnu99;
				GCC_NO_COMMON_BLOCKS = YES;
				GCC_WARN_64_TO_32_BIT_CONVERSION = YES;
				GCC_WARN_ABOUT_RETURN_TYPE = YES_ERROR;
				GCC_WARN_UNDECLARED_SELECTOR = YES;
				GCC_WARN_UNINITIALIZED_AUTOS = YES_AGGRESSIVE;
				GCC_WARN_UNUSED_FUNCTION = YES;
				GCC_WARN_UNUSED_VARIABLE = YES;
				IPHONEOS_DEPLOYMENT_TARGET = 10.1;
				MTL_ENABLE_DEBUG_INFO = NO;
				SDKROOT = iphoneos;
				SWIFT_OPTIMIZATION_LEVEL = "-Owholemodule";
				TARGETED_DEVICE_FAMILY = 2;
				VALIDATE_PRODUCT = YES;
			};
			name = Release;
		};
		857861351E63D1570098CEE7 /* Debug */ = {
			isa = XCBuildConfiguration;
			buildSettings = {
				ASSETCATALOG_COMPILER_APPICON_NAME = AppIcon;
				DEVELOPMENT_TEAM = K63E82JPAC;
				INFOPLIST_FILE = MarioPad/Info.plist;
				IPHONEOS_DEPLOYMENT_TARGET = 9.1;
				LD_RUNPATH_SEARCH_PATHS = "$(inherited) @executable_path/Frameworks";
				PRODUCT_BUNDLE_IDENTIFIER = com.coolheart.MarioPad;
				PRODUCT_NAME = "$(TARGET_NAME)";
				SWIFT_VERSION = 3.0;
			};
			name = Debug;
		};
		857861361E63D1570098CEE7 /* Release */ = {
			isa = XCBuildConfiguration;
			buildSettings = {
				ASSETCATALOG_COMPILER_APPICON_NAME = AppIcon;
				DEVELOPMENT_TEAM = K63E82JPAC;
				INFOPLIST_FILE = MarioPad/Info.plist;
				IPHONEOS_DEPLOYMENT_TARGET = 9.1;
				LD_RUNPATH_SEARCH_PATHS = "$(inherited) @executable_path/Frameworks";
				PRODUCT_BUNDLE_IDENTIFIER = com.coolheart.MarioPad;
				PRODUCT_NAME = "$(TARGET_NAME)";
				SWIFT_VERSION = 3.0;
			};
			name = Release;
		};
/* End XCBuildConfiguration section */

/* Begin XCConfigurationList section */
		8578611D1E63D1570098CEE7 /* Build configuration list for PBXProject "MarioPad" */ = {
			isa = XCConfigurationList;
			buildConfigurations = (
				857861321E63D1570098CEE7 /* Debug */,
				857861331E63D1570098CEE7 /* Release */,
			);
			defaultConfigurationIsVisible = 0;
			defaultConfigurationName = Release;
		};
		857861341E63D1570098CEE7 /* Build configuration list for PBXNativeTarget "MarioPad" */ = {
			isa = XCConfigurationList;
			buildConfigurations = (
				857861351E63D1570098CEE7 /* Debug */,
				857861361E63D1570098CEE7 /* Release */,
			);
			defaultConfigurationIsVisible = 0;
			defaultConfigurationName = Release;
		};
/* End XCConfigurationList section */
	};
	rootObject = 8578611A1E63D1570098CEE7 /* Project object */;
}
